
Microsoft Visual Studio Solution File, Format Version 12.00
# Visual Studio Version 16
VisualStudioVersion = 16.0.30907.101
MinimumVisualStudioVersion = 10.0.40219.1
Project("{9A19103F-16F7-4668-BE54-9A1E7A4F7556}") = "ZigWin32Generator", "ZigWin32Generator.csproj", "{A7B93DE4-DE8E-46AA-8007-9B428879BB61}"
EndProject
Global
	GlobalSection(SolutionConfigurationPlatforms) = preSolution
		Debug|Any CPU = Debug|Any CPU
		Release|Any CPU = Release|Any CPU
	EndGlobalSection
	GlobalSection(ProjectConfigurationPlatforms) = postSolution
		{A7B93DE4-DE8E-46AA-8007-9B428879BB61}.Debug|Any CPU.ActiveCfg = Debug|Any CPU
		{A7B93DE4-DE8E-46AA-8007-9B428879BB61}.Debug|Any CPU.Build.0 = Debug|Any CPU
		{A7B93DE4-DE8E-46AA-8007-9B428879BB61}.Release|Any CPU.ActiveCfg = Release|Any CPU
		{A7B93DE4-DE8E-46AA-8007-9B428879BB61}.Release|Any CPU.Build.0 = Release|Any CPU
		{8501AAC3-AB21-4365-86F4-E48C0C722ED1}.Debug|Any CPU.ActiveCfg = Debug|Any CPU
		{8501AAC3-AB21-4365-86F4-E48C0C722ED1}.Debug|Any CPU.Build.0 = Debug|Any CPU
		{8501AAC3-AB21-4365-86F4-E48C0C722ED1}.Release|Any CPU.ActiveCfg = Release|Any CPU
		{8501AAC3-AB21-4365-86F4-E48C0C722ED1}.Release|Any CPU.Build.0 = Release|Any CPU
	EndGlobalSection
	GlobalSection(SolutionProperties) = preSolution
		HideSolutionNode = FALSE
	EndGlobalSection
	GlobalSection(ExtensibilityGlobals) = postSolution
		SolutionGuid = {7A0FB928-FCAA-4670-B4E1-B05DF311B56F}
	EndGlobalSection
EndGlobal
